
Microsoft Visual Studio Solution File, Format Version 12.00
# Visual Studio Version 17
VisualStudioVersion = 17.2.32317.152
MinimumVisualStudioVersion = 10.0.40219.1
Project("{9A19103F-16F7-4668-BE54-9A1E7A4F7556}") = "NuGetTestLib", "src\NuGetTestLib\NuGetTestLib.csproj", "{FA17C279-D55E-4E38-B8CC-6453C64AF05E}"
EndProject
Project("{FAE04EC0-301F-11D3-BF4B-00C04F79EFBC}") = "NuGetTestLib.Tests", "src\NuGetTestLib.Tests\NuGetTestLib.Tests.csproj", "{946B4CAC-50CF-4ABF-9B99-341067F253EF}"
EndProject
Global
	GlobalSection(SolutionConfigurationPlatforms) = preSolution
		Debug|Any CPU = Debug|Any CPU
		Release|Any CPU = Release|Any CPU
	EndGlobalSection
	GlobalSection(ProjectConfigurationPlatforms) = postSolution
		{FA17C279-D55E-4E38-B8CC-6453C64AF05E}.Debug|Any CPU.ActiveCfg = Debug|Any CPU
		{FA17C279-D55E-4E38-B8CC-6453C64AF05E}.Debug|Any CPU.Build.0 = Debug|Any CPU
		{FA17C279-D55E-4E38-B8CC-6453C64AF05E}.Release|Any CPU.ActiveCfg = Release|Any CPU
		{FA17C279-D55E-4E38-B8CC-6453C64AF05E}.Release|Any CPU.Build.0 = Release|Any CPU
		{946B4CAC-50CF-4ABF-9B99-341067F253EF}.Debug|Any CPU.ActiveCfg = Debug|Any CPU
		{946B4CAC-50CF-4ABF-9B99-341067F253EF}.Debug|Any CPU.Build.0 = Debug|Any CPU
		{946B4CAC-50CF-4ABF-9B99-341067F253EF}.Release|Any CPU.ActiveCfg = Release|Any CPU
		{946B4CAC-50CF-4ABF-9B99-341067F253EF}.Release|Any CPU.Build.0 = Release|Any CPU
	EndGlobalSection
	GlobalSection(SolutionProperties) = preSolution
		HideSolutionNode = FALSE
	EndGlobalSection
	GlobalSection(ExtensibilityGlobals) = postSolution
		SolutionGuid = {A77A0B61-86C1-4B05-B97C-6B613132AEEC}
	EndGlobalSection
EndGlobal
